
Microsoft Visual Studio Solution File, Format Version 12.00
# Visual Studio Version 16
VisualStudioVersion = 16.0.30413.136
MinimumVisualStudioVersion = 10.0.40219.1
Project("{FAE04EC0-301F-11D3-BF4B-00C04F79EFBC}") = "WebAPI", "WebAPI\WebAPI.csproj", "{3B5FD999-5AA6-42DE-B873-BF037222E99D}"
EndProject
Global
	GlobalSection(SolutionConfigurationPlatforms) = preSolution
		Debug|Any CPU = Debug|Any CPU
		Release|Any CPU = Release|Any CPU
	EndGlobalSection
	GlobalSection(ProjectConfigurationPlatforms) = postSolution
		{3B5FD999-5AA6-42DE-B873-BF037222E99D}.Debug|Any CPU.ActiveCfg = Debug|Any CPU
		{3B5FD999-5AA6-42DE-B873-BF037222E99D}.Debug|Any CPU.Build.0 = Debug|Any CPU
		{3B5FD999-5AA6-42DE-B873-BF037222E99D}.Release|Any CPU.ActiveCfg = Release|Any CPU
		{3B5FD999-5AA6-42DE-B873-BF037222E99D}.Release|Any CPU.Build.0 = Release|Any CPU
	EndGlobalSection
	GlobalSection(SolutionProperties) = preSolution
		HideSolutionNode = FALSE
	EndGlobalSection
	GlobalSection(ExtensibilityGlobals) = postSolution
		SolutionGuid = {4C25F662-1AA2-4B5D-BE37-B0FB28440871}
	EndGlobalSection
EndGlobal
